{
  "name": "@hmcts/document-viewer-webcomponent",
  "version": "1.1.4",
  "lockfileVersion": 1,
  "requires": true,
  "dependencies": {
    "@hmcts/frontend": {
      "version": "0.0.14-alpha",
      "resolved": "https://registry.npmjs.org/@hmcts/frontend/-/frontend-0.0.14-alpha.tgz",
      "integrity": "sha512-gRaSJgF41A7SyL87nwf9dU/nFrB4OPT/xz4CwtJkkaxX0cLjUiAiNGr3ti6wLEaHviCh5Jjw8i5kMHWm9bGBFw=="
    },
    "@hmcts/pdf-annotate": {
      "version": "1.1.17",
      "resolved": "https://registry.npmjs.org/@hmcts/pdf-annotate/-/pdf-annotate-1.1.17.tgz",
      "integrity": "sha512-JbJ9k6DYWQRqz6eILNBTyHpmgoNLc0FfRLnJUMa/DvT9GxTmuJDZ/WZSevAiS8F392xRoOy4kYEK4ziFeN76LQ==",
      "requires": {
        "create-stylesheet": "^0.3.0",
        "object-assign": "^4.0.1"
      }
    },
    "create-stylesheet": {
      "version": "0.3.0",
      "resolved": "https://registry.npmjs.org/create-stylesheet/-/create-stylesheet-0.3.0.tgz",
      "integrity": "sha1-N0edg8dRMbBnfQBRDQQZ/MzJvJY="
    },
    "govuk-frontend": {
      "version": "2.5.0",
      "resolved": "https://registry.npmjs.org/govuk-frontend/-/govuk-frontend-2.5.0.tgz",
      "integrity": "sha512-NjrI7G7oFXvuFhj30a3bAuouUWZwfkpewEUmmz5Sfm/BgM9ElTyhV/bvQaGcCefLhYTwXI8DSnZ86861GMZUug=="
    },
    "object-assign": {
      "version": "4.1.1",
      "resolved": "https://registry.npmjs.org/object-assign/-/object-assign-4.1.1.tgz",
      "integrity": "sha1-IQmtx5ZYh8/AXLvUQsrIv7s2CGM="
    }
  }
}
