{
  "name": "@hmcts/annotation-ui-lib",
  "version": "0.0.91",
  "lockfileVersion": 1,
  "requires": true,
  "dependencies": {
    "@hmcts/pdf-annotate": {
      "version": "1.1.4",
      "resolved": "https://registry.npmjs.org/@hmcts/pdf-annotate/-/pdf-annotate-1.1.4.tgz",
      "integrity": "sha512-l6uV1RUgRWscFUKMncxR+KEZj+yyGwq5uggqF/tuKm5FtzH0k56QUBMNfw0kxrdsMSyrQfamO6wTuXFTms3xsw==",
      "requires": {
        "create-stylesheet": "^0.3.0",
        "object-assign": "^4.0.1"
      }
    },
    "create-stylesheet": {
      "version": "0.3.0",
      "resolved": "https://registry.npmjs.org/create-stylesheet/-/create-stylesheet-0.3.0.tgz",
      "integrity": "sha1-N0edg8dRMbBnfQBRDQQZ/MzJvJY="
    },
    "object-assign": {
      "version": "4.1.1",
      "resolved": "https://registry.npmjs.org/object-assign/-/object-assign-4.1.1.tgz",
      "integrity": "sha1-IQmtx5ZYh8/AXLvUQsrIv7s2CGM="
    }
  }
}
